
Microsoft Visual Studio Solution File, Format Version 12.00
# Visual Studio Version 16
VisualStudioVersion = 16.0.30523.141
MinimumVisualStudioVersion = 10.0.40219.1
Project("{FAE04EC0-301F-11D3-BF4B-00C04F79EFBC}") = "EntityFramework_aulaReposicao", "EntityFramework_aulaReposicao\EntityFramework_aulaReposicao.csproj", "{A8E1DADD-E062-4757-BA49-6E6BBBB73A0F}"
EndProject
Global
	GlobalSection(SolutionConfigurationPlatforms) = preSolution
		Debug|Any CPU = Debug|Any CPU
		Release|Any CPU = Release|Any CPU
	EndGlobalSection
	GlobalSection(ProjectConfigurationPlatforms) = postSolution
		{A8E1DADD-E062-4757-BA49-6E6BBBB73A0F}.Debug|Any CPU.ActiveCfg = Debug|Any CPU
		{A8E1DADD-E062-4757-BA49-6E6BBBB73A0F}.Debug|Any CPU.Build.0 = Debug|Any CPU
		{A8E1DADD-E062-4757-BA49-6E6BBBB73A0F}.Release|Any CPU.ActiveCfg = Release|Any CPU
		{A8E1DADD-E062-4757-BA49-6E6BBBB73A0F}.Release|Any CPU.Build.0 = Release|Any CPU
	EndGlobalSection
	GlobalSection(SolutionProperties) = preSolution
		HideSolutionNode = FALSE
	EndGlobalSection
	GlobalSection(ExtensibilityGlobals) = postSolution
		SolutionGuid = {D6DD34F3-D1A3-44AD-9AA3-82C0FFB6ABA2}
	EndGlobalSection
EndGlobal
